
Microsoft Visual Studio Solution File, Format Version 12.00
# Visual Studio Version 17
VisualStudioVersion = 17.10.35122.118
MinimumVisualStudioVersion = 10.0.40219.1
Project("{FAE04EC0-301F-11D3-BF4B-00C04F79EFBC}") = "NamaLengkap", "NamaLengkap\NamaLengkap.csproj", "{86FC1FF6-79EA-4CDA-8F02-5B43C4DE056C}"
EndProject
Project("{FAE04EC0-301F-11D3-BF4B-00C04F79EFBC}") = "Perbandingan", "Perbandingan\Perbandingan.csproj", "{9AC9DB41-EFC3-41C2-BC94-8C9A38173900}"
EndProject
Project("{FAE04EC0-301F-11D3-BF4B-00C04F79EFBC}") = "Pemilu", "Pemilu\Pemilu.csproj", "{7139A3AB-4969-4278-AA94-26764F08A265}"
EndProject
Project("{FAE04EC0-301F-11D3-BF4B-00C04F79EFBC}") = "RollerCoaster", "RollerCoaster\RollerCoaster.csproj", "{6A871AEB-7796-4C50-A652-DD732319B2D4}"
EndProject
Global
	GlobalSection(SolutionConfigurationPlatforms) = preSolution
		Debug|Any CPU = Debug|Any CPU
		Release|Any CPU = Release|Any CPU
	EndGlobalSection
	GlobalSection(ProjectConfigurationPlatforms) = postSolution
		{86FC1FF6-79EA-4CDA-8F02-5B43C4DE056C}.Debug|Any CPU.ActiveCfg = Debug|Any CPU
		{86FC1FF6-79EA-4CDA-8F02-5B43C4DE056C}.Debug|Any CPU.Build.0 = Debug|Any CPU
		{86FC1FF6-79EA-4CDA-8F02-5B43C4DE056C}.Release|Any CPU.ActiveCfg = Release|Any CPU
		{86FC1FF6-79EA-4CDA-8F02-5B43C4DE056C}.Release|Any CPU.Build.0 = Release|Any CPU
		{9AC9DB41-EFC3-41C2-BC94-8C9A38173900}.Debug|Any CPU.ActiveCfg = Debug|Any CPU
		{9AC9DB41-EFC3-41C2-BC94-8C9A38173900}.Debug|Any CPU.Build.0 = Debug|Any CPU
		{9AC9DB41-EFC3-41C2-BC94-8C9A38173900}.Release|Any CPU.ActiveCfg = Release|Any CPU
		{9AC9DB41-EFC3-41C2-BC94-8C9A38173900}.Release|Any CPU.Build.0 = Release|Any CPU
		{7139A3AB-4969-4278-AA94-26764F08A265}.Debug|Any CPU.ActiveCfg = Debug|Any CPU
		{7139A3AB-4969-4278-AA94-26764F08A265}.Debug|Any CPU.Build.0 = Debug|Any CPU
		{7139A3AB-4969-4278-AA94-26764F08A265}.Release|Any CPU.ActiveCfg = Release|Any CPU
		{7139A3AB-4969-4278-AA94-26764F08A265}.Release|Any CPU.Build.0 = Release|Any CPU
		{6A871AEB-7796-4C50-A652-DD732319B2D4}.Debug|Any CPU.ActiveCfg = Debug|Any CPU
		{6A871AEB-7796-4C50-A652-DD732319B2D4}.Debug|Any CPU.Build.0 = Debug|Any CPU
		{6A871AEB-7796-4C50-A652-DD732319B2D4}.Release|Any CPU.ActiveCfg = Release|Any CPU
		{6A871AEB-7796-4C50-A652-DD732319B2D4}.Release|Any CPU.Build.0 = Release|Any CPU
	EndGlobalSection
	GlobalSection(SolutionProperties) = preSolution
		HideSolutionNode = FALSE
	EndGlobalSection
	GlobalSection(ExtensibilityGlobals) = postSolution
		SolutionGuid = {EE9773DA-A754-4BD5-A735-124ACED93090}
	EndGlobalSection
EndGlobal
